
Microsoft Visual Studio Solution File, Format Version 12.00
# Visual Studio Version 17
VisualStudioVersion = 17.13.36105.23 d17.13
MinimumVisualStudioVersion = 10.0.40219.1
Project("{FAE04EC0-301F-11D3-BF4B-00C04F79EFBC}") = "PopcornScale.Api", "PopcornScale.Api\PopcornScale.Api.csproj", "{68CB9FC9-4853-47AA-A64E-83613E084298}"
EndProject
Project("{FAE04EC0-301F-11D3-BF4B-00C04F79EFBC}") = "PopcornScale.Application", "PopcornScale.Application\PopcornScale.Application.csproj", "{10C80A4B-633B-4D9F-AB0C-9722B06892AD}"
EndProject
Project("{FAE04EC0-301F-11D3-BF4B-00C04F79EFBC}") = "PopcornScale.Contracts", "PopcornScale.Contracts\PopcornScale.Contracts.csproj", "{001E7F44-8B20-4C2E-9C64-798E7F591D29}"
EndProject
Global
	GlobalSection(SolutionConfigurationPlatforms) = preSolution
		Debug|Any CPU = Debug|Any CPU
		Release|Any CPU = Release|Any CPU
	EndGlobalSection
	GlobalSection(ProjectConfigurationPlatforms) = postSolution
		{68CB9FC9-4853-47AA-A64E-83613E084298}.Debug|Any CPU.ActiveCfg = Debug|Any CPU
		{68CB9FC9-4853-47AA-A64E-83613E084298}.Debug|Any CPU.Build.0 = Debug|Any CPU
		{68CB9FC9-4853-47AA-A64E-83613E084298}.Release|Any CPU.ActiveCfg = Release|Any CPU
		{68CB9FC9-4853-47AA-A64E-83613E084298}.Release|Any CPU.Build.0 = Release|Any CPU
		{10C80A4B-633B-4D9F-AB0C-9722B06892AD}.Debug|Any CPU.ActiveCfg = Debug|Any CPU
		{10C80A4B-633B-4D9F-AB0C-9722B06892AD}.Debug|Any CPU.Build.0 = Debug|Any CPU
		{10C80A4B-633B-4D9F-AB0C-9722B06892AD}.Release|Any CPU.ActiveCfg = Release|Any CPU
		{10C80A4B-633B-4D9F-AB0C-9722B06892AD}.Release|Any CPU.Build.0 = Release|Any CPU
		{001E7F44-8B20-4C2E-9C64-798E7F591D29}.Debug|Any CPU.ActiveCfg = Debug|Any CPU
		{001E7F44-8B20-4C2E-9C64-798E7F591D29}.Debug|Any CPU.Build.0 = Debug|Any CPU
		{001E7F44-8B20-4C2E-9C64-798E7F591D29}.Release|Any CPU.ActiveCfg = Release|Any CPU
		{001E7F44-8B20-4C2E-9C64-798E7F591D29}.Release|Any CPU.Build.0 = Release|Any CPU
	EndGlobalSection
	GlobalSection(SolutionProperties) = preSolution
		HideSolutionNode = FALSE
	EndGlobalSection
	GlobalSection(ExtensibilityGlobals) = postSolution
		SolutionGuid = {A01C1609-32CD-4CCE-BDCF-DD5546DEC72B}
	EndGlobalSection
EndGlobal
